
Microsoft Visual Studio Solution File, Format Version 12.00
# Visual Studio Version 17
VisualStudioVersion = 17.3.32811.315
MinimumVisualStudioVersion = 10.0.40219.1
Project("{2150E333-8FDC-42A3-9474-1A3956D46DE8}") = "Applications", "Applications", "{FEE3E3D0-C3EA-4272-94C7-B86365A102FE}"
EndProject
Project("{2150E333-8FDC-42A3-9474-1A3956D46DE8}") = "Libraries", "Libraries", "{B03562C7-9CCC-4B8A-A063-B849291708F9}"
EndProject
Project("{2150E333-8FDC-42A3-9474-1A3956D46DE8}") = "Tests", "Tests", "{F092215A-8959-415B-BC45-DC96B67523AA}"
EndProject
Project("{9A19103F-16F7-4668-BE54-9A1E7A4F7556}") = "ECommerce.Web", "Applications\ECommerce.Web\ECommerce.Web.csproj", "{D346B6CC-4D72-4D5C-9310-DE4D3E4B811C}"
EndProject
Global
	GlobalSection(SolutionConfigurationPlatforms) = preSolution
		Debug|Any CPU = Debug|Any CPU
		Release|Any CPU = Release|Any CPU
	EndGlobalSection
	GlobalSection(ProjectConfigurationPlatforms) = postSolution
		{D346B6CC-4D72-4D5C-9310-DE4D3E4B811C}.Debug|Any CPU.ActiveCfg = Debug|Any CPU
		{D346B6CC-4D72-4D5C-9310-DE4D3E4B811C}.Debug|Any CPU.Build.0 = Debug|Any CPU
		{D346B6CC-4D72-4D5C-9310-DE4D3E4B811C}.Release|Any CPU.ActiveCfg = Release|Any CPU
		{D346B6CC-4D72-4D5C-9310-DE4D3E4B811C}.Release|Any CPU.Build.0 = Release|Any CPU
	EndGlobalSection
	GlobalSection(SolutionProperties) = preSolution
		HideSolutionNode = FALSE
	EndGlobalSection
	GlobalSection(NestedProjects) = preSolution
		{D346B6CC-4D72-4D5C-9310-DE4D3E4B811C} = {FEE3E3D0-C3EA-4272-94C7-B86365A102FE}
	EndGlobalSection
	GlobalSection(ExtensibilityGlobals) = postSolution
		SolutionGuid = {DB20C647-B10B-4E32-BBA9-273860E11C30}
	EndGlobalSection
EndGlobal
