
Microsoft Visual Studio Solution File, Format Version 12.00
# Visual Studio Version 17
VisualStudioVersion = 17.3.32811.315
MinimumVisualStudioVersion = 10.0.40219.1
Project("{2150E333-8FDC-42A3-9474-1A3956D46DE8}") = "Applications", "Applications", "{FEE3E3D0-C3EA-4272-94C7-B86365A102FE}"
EndProject
Project("{2150E333-8FDC-42A3-9474-1A3956D46DE8}") = "Libraries", "Libraries", "{B03562C7-9CCC-4B8A-A063-B849291708F9}"
EndProject
Project("{2150E333-8FDC-42A3-9474-1A3956D46DE8}") = "Tests", "Tests", "{F092215A-8959-415B-BC45-DC96B67523AA}"
EndProject
Project("{9A19103F-16F7-4668-BE54-9A1E7A4F7556}") = "ECommerce.Web", "Applications\ECommerce.Web\ECommerce.Web.csproj", "{D346B6CC-4D72-4D5C-9310-DE4D3E4B811C}"
EndProject
Project("{9A19103F-16F7-4668-BE54-9A1E7A4F7556}") = "ECommerce.Infrastructure", "Libraries\ECommerce.Infrastructure\ECommerce.Infrastructure.csproj", "{245FAA36-436D-431A-B8ED-02E5CCD2848E}"
EndProject
Project("{9A19103F-16F7-4668-BE54-9A1E7A4F7556}") = "ECommerce.Membership", "Libraries\ECommerce.Membership\ECommerce.Membership.csproj", "{0C45AA6E-785A-4928-B6F2-80473C9E0C7F}"
EndProject
Project("{FAE04EC0-301F-11D3-BF4B-00C04F79EFBC}") = "ECommerce.Membership.Tests", "Tests\ECommerce.Membership.Tests\ECommerce.Membership.Tests.csproj", "{A077793F-CE49-43F3-A539-7084EE0A85CE}"
EndProject
Project("{FAE04EC0-301F-11D3-BF4B-00C04F79EFBC}") = "ECommerce.Infrastructure.Tests", "Tests\ECommerce.Infrastructure.Tests\ECommerce.Infrastructure.Tests.csproj", "{9C063D09-E4B2-4286-8A9A-E70D7A845766}"
EndProject
Global
	GlobalSection(SolutionConfigurationPlatforms) = preSolution
		Debug|Any CPU = Debug|Any CPU
		Release|Any CPU = Release|Any CPU
	EndGlobalSection
	GlobalSection(ProjectConfigurationPlatforms) = postSolution
		{D346B6CC-4D72-4D5C-9310-DE4D3E4B811C}.Debug|Any CPU.ActiveCfg = Debug|Any CPU
		{D346B6CC-4D72-4D5C-9310-DE4D3E4B811C}.Debug|Any CPU.Build.0 = Debug|Any CPU
		{D346B6CC-4D72-4D5C-9310-DE4D3E4B811C}.Release|Any CPU.ActiveCfg = Release|Any CPU
		{D346B6CC-4D72-4D5C-9310-DE4D3E4B811C}.Release|Any CPU.Build.0 = Release|Any CPU
		{245FAA36-436D-431A-B8ED-02E5CCD2848E}.Debug|Any CPU.ActiveCfg = Debug|Any CPU
		{245FAA36-436D-431A-B8ED-02E5CCD2848E}.Debug|Any CPU.Build.0 = Debug|Any CPU
		{245FAA36-436D-431A-B8ED-02E5CCD2848E}.Release|Any CPU.ActiveCfg = Release|Any CPU
		{245FAA36-436D-431A-B8ED-02E5CCD2848E}.Release|Any CPU.Build.0 = Release|Any CPU
		{0C45AA6E-785A-4928-B6F2-80473C9E0C7F}.Debug|Any CPU.ActiveCfg = Debug|Any CPU
		{0C45AA6E-785A-4928-B6F2-80473C9E0C7F}.Debug|Any CPU.Build.0 = Debug|Any CPU
		{0C45AA6E-785A-4928-B6F2-80473C9E0C7F}.Release|Any CPU.ActiveCfg = Release|Any CPU
		{0C45AA6E-785A-4928-B6F2-80473C9E0C7F}.Release|Any CPU.Build.0 = Release|Any CPU
		{A077793F-CE49-43F3-A539-7084EE0A85CE}.Debug|Any CPU.ActiveCfg = Debug|Any CPU
		{A077793F-CE49-43F3-A539-7084EE0A85CE}.Debug|Any CPU.Build.0 = Debug|Any CPU
		{A077793F-CE49-43F3-A539-7084EE0A85CE}.Release|Any CPU.ActiveCfg = Release|Any CPU
		{A077793F-CE49-43F3-A539-7084EE0A85CE}.Release|Any CPU.Build.0 = Release|Any CPU
		{9C063D09-E4B2-4286-8A9A-E70D7A845766}.Debug|Any CPU.ActiveCfg = Debug|Any CPU
		{9C063D09-E4B2-4286-8A9A-E70D7A845766}.Debug|Any CPU.Build.0 = Debug|Any CPU
		{9C063D09-E4B2-4286-8A9A-E70D7A845766}.Release|Any CPU.ActiveCfg = Release|Any CPU
		{9C063D09-E4B2-4286-8A9A-E70D7A845766}.Release|Any CPU.Build.0 = Release|Any CPU
	EndGlobalSection
	GlobalSection(SolutionProperties) = preSolution
		HideSolutionNode = FALSE
	EndGlobalSection
	GlobalSection(NestedProjects) = preSolution
		{D346B6CC-4D72-4D5C-9310-DE4D3E4B811C} = {FEE3E3D0-C3EA-4272-94C7-B86365A102FE}
		{245FAA36-436D-431A-B8ED-02E5CCD2848E} = {B03562C7-9CCC-4B8A-A063-B849291708F9}
		{0C45AA6E-785A-4928-B6F2-80473C9E0C7F} = {B03562C7-9CCC-4B8A-A063-B849291708F9}
		{A077793F-CE49-43F3-A539-7084EE0A85CE} = {F092215A-8959-415B-BC45-DC96B67523AA}
		{9C063D09-E4B2-4286-8A9A-E70D7A845766} = {F092215A-8959-415B-BC45-DC96B67523AA}
	EndGlobalSection
	GlobalSection(ExtensibilityGlobals) = postSolution
		SolutionGuid = {DB20C647-B10B-4E32-BBA9-273860E11C30}
	EndGlobalSection
EndGlobal
